
Microsoft Visual Studio Solution File, Format Version 12.00
# Visual Studio Version 17
VisualStudioVersion = 17.1.32421.90
MinimumVisualStudioVersion = 10.0.40219.1
Project("{FAE04EC0-301F-11D3-BF4B-00C04F79EFBC}") = "csharp-db-connection", "csharp-db-connection.csproj", "{C287E716-2C56-4B1D-8B99-F3C0C9D0753F}"
EndProject
Global
	GlobalSection(SolutionConfigurationPlatforms) = preSolution
		Debug|Any CPU = Debug|Any CPU
		Release|Any CPU = Release|Any CPU
	EndGlobalSection
	GlobalSection(ProjectConfigurationPlatforms) = postSolution
		{C287E716-2C56-4B1D-8B99-F3C0C9D0753F}.Debug|Any CPU.ActiveCfg = Debug|Any CPU
		{C287E716-2C56-4B1D-8B99-F3C0C9D0753F}.Debug|Any CPU.Build.0 = Debug|Any CPU
		{C287E716-2C56-4B1D-8B99-F3C0C9D0753F}.Release|Any CPU.ActiveCfg = Release|Any CPU
		{C287E716-2C56-4B1D-8B99-F3C0C9D0753F}.Release|Any CPU.Build.0 = Release|Any CPU
	EndGlobalSection
	GlobalSection(SolutionProperties) = preSolution
		HideSolutionNode = FALSE
	EndGlobalSection
	GlobalSection(ExtensibilityGlobals) = postSolution
		SolutionGuid = {F86E73BF-7B27-4986-9750-4CB2FEF2A4B2}
	EndGlobalSection
EndGlobal
